
Microsoft Visual Studio Solution File, Format Version 12.00
# Visual Studio 15
VisualStudioVersion = 15.0.27703.2026
MinimumVisualStudioVersion = 10.0.40219.1
Project("{9A19103F-16F7-4668-BE54-9A1E7A4F7556}") = "BookingApi", "BookingApi.csproj", "{379FCBD2-B880-4222-B330-B79B4E2E1AC8}"
EndProject
Global
	GlobalSection(SolutionConfigurationPlatforms) = preSolution
		Debug|Any CPU = Debug|Any CPU
		Release|Any CPU = Release|Any CPU
	EndGlobalSection
	GlobalSection(ProjectConfigurationPlatforms) = postSolution
		{379FCBD2-B880-4222-B330-B79B4E2E1AC8}.Debug|Any CPU.ActiveCfg = Debug|Any CPU
		{379FCBD2-B880-4222-B330-B79B4E2E1AC8}.Debug|Any CPU.Build.0 = Debug|Any CPU
		{379FCBD2-B880-4222-B330-B79B4E2E1AC8}.Release|Any CPU.ActiveCfg = Release|Any CPU
		{379FCBD2-B880-4222-B330-B79B4E2E1AC8}.Release|Any CPU.Build.0 = Release|Any CPU
	EndGlobalSection
	GlobalSection(SolutionProperties) = preSolution
		HideSolutionNode = FALSE
	EndGlobalSection
	GlobalSection(ExtensibilityGlobals) = postSolution
		SolutionGuid = {B1214737-0D02-45CA-92F9-DDD43A29CDFB}
	EndGlobalSection
EndGlobal
